{
  "name": "nitro",
  "version": "1.0.0",
  "lockfileVersion": 3,
  "requires": true,
  "packages": {
    "": {
      "name": "nitro",
      "version": "1.0.0",
      "license": "ISC",
      "dependencies": {
        "@nuxt/nitro": "^0.10.0",
        "pnpm": "^8.14.0",
        "yarn": "^1.22.21"
      }
    },
    "node_modules/@nuxt/nitro": {
      "version": "0.10.0",
      "resolved": "https://registry.npmjs.org/@nuxt/nitro/-/nitro-0.10.0.tgz",
      "integrity": "sha512-3ffdZMD0WK7UNgrkBhOyPr3fyOfmy2nPMxDOaX6eUCamr5NuY7cHQhWnum/BwSm1vIOm4b9/rnd/cgYcg9qiag=="
    },
    "node_modules/pnpm": {
      "version": "8.14.0",
      "resolved": "https://registry.npmjs.org/pnpm/-/pnpm-8.14.0.tgz",
      "integrity": "sha512-XUv5ezSfrxpRMYqhuoh+mdnDbiA9vLVZOKkf3dJFQkbLAHI9ZkL1TUY6D1KicB2t+N4AKjf8YTyc3JTtVnXdzg==",
      "bin": {
        "pnpm": "bin/pnpm.cjs",
        "pnpx": "bin/pnpx.cjs"
      },
      "engines": {
        "node": ">=16.14"
      },
      "funding": {
        "url": "https://opencollective.com/pnpm"
      }
    },
    "node_modules/yarn": {
      "version": "1.22.21",
      "resolved": "https://registry.npmjs.org/yarn/-/yarn-1.22.21.tgz",
      "integrity": "sha512-ynXaJsADJ9JiZ84zU25XkPGOvVMmZ5b7tmTSpKURYwgELdjucAOydqIOrOfTxVYcNXe91xvLZwcRh68SR3liCg==",
      "hasInstallScript": true,
      "bin": {
        "yarn": "bin/yarn.js",
        "yarnpkg": "bin/yarn.js"
      },
      "engines": {
        "node": ">=4.0.0"
      }
    }
  }
}
