# THIS IS AN AUTOGENERATED FILE. DO NOT EDIT THIS FILE DIRECTLY.
# yarn lockfile v1


"@nuxt/nitro@^0.10.0":
  version "0.10.0"
  resolved "https://registry.yarnpkg.com/@nuxt/nitro/-/nitro-0.10.0.tgz#e2157be377f6131ec72484153d56908da8704094"
  integrity sha512-3ffdZMD0WK7UNgrkBhOyPr3fyOfmy2nPMxDOaX6eUCamr5NuY7cHQhWnum/BwSm1vIOm4b9/rnd/cgYcg9qiag==

pnpm@^8.14.0:
  version "8.14.0"
  resolved "https://registry.yarnpkg.com/pnpm/-/pnpm-8.14.0.tgz#bb42032ff80dba5f9245bc1b03470d2fa0b7fb2f"
  integrity sha512-XUv5ezSfrxpRMYqhuoh+mdnDbiA9vLVZOKkf3dJFQkbLAHI9ZkL1TUY6D1KicB2t+N4AKjf8YTyc3JTtVnXdzg==

yarn@^1.22.21:
  version "1.22.21"
  resolved "https://registry.yarnpkg.com/yarn/-/yarn-1.22.21.tgz#1959a18351b811cdeedbd484a8f86c3cc3bbaf72"
  integrity sha512-ynXaJsADJ9JiZ84zU25XkPGOvVMmZ5b7tmTSpKURYwgELdjucAOydqIOrOfTxVYcNXe91xvLZwcRh68SR3liCg==
